
Microsoft Visual Studio Solution File, Format Version 12.00
# Visual Studio 15
VisualStudioVersion = 15.0.28307.168
MinimumVisualStudioVersion = 10.0.40219.1
Project("{FAE04EC0-301F-11D3-BF4B-00C04F79EFBC}") = "JinTeamForSeller", "JinTeamForSeller\JinTeamForSeller.csproj", "{886DC1AE-AF99-469E-B75E-BFCC107E1228}"
EndProject
Global
	GlobalSection(SolutionConfigurationPlatforms) = preSolution
		Debug|Any CPU = Debug|Any CPU
		Release|Any CPU = Release|Any CPU
	EndGlobalSection
	GlobalSection(ProjectConfigurationPlatforms) = postSolution
		{886DC1AE-AF99-469E-B75E-BFCC107E1228}.Debug|Any CPU.ActiveCfg = Debug|Any CPU
		{886DC1AE-AF99-469E-B75E-BFCC107E1228}.Debug|Any CPU.Build.0 = Debug|Any CPU
		{886DC1AE-AF99-469E-B75E-BFCC107E1228}.Release|Any CPU.ActiveCfg = Release|Any CPU
		{886DC1AE-AF99-469E-B75E-BFCC107E1228}.Release|Any CPU.Build.0 = Release|Any CPU
	EndGlobalSection
	GlobalSection(SolutionProperties) = preSolution
		HideSolutionNode = FALSE
	EndGlobalSection
	GlobalSection(ExtensibilityGlobals) = postSolution
		SolutionGuid = {0A149E73-12AA-4FE6-98DC-930DEFA121E7}
	EndGlobalSection
EndGlobal
